{
  "requires": true,
  "lockfileVersion": 1,
  "dependencies": {
    "serverless-plugin-tracing": {
      "version": "2.0.0",
      "resolved": "https://registry.npmjs.org/serverless-plugin-tracing/-/serverless-plugin-tracing-2.0.0.tgz",
      "integrity": "sha512-cndG6QC5ZFHSwmylOqxOzy/M9TAKtUl+wnpqdmqZ5sFfWjcUi4BLV7MkQnsIdKPKJcCv19tpNONYmGPmw6tXIg=="
    },
    "serverless-reqvalidator-plugin": {
      "version": "2.0.0",
      "resolved": "https://registry.npmjs.org/serverless-reqvalidator-plugin/-/serverless-reqvalidator-plugin-2.0.0.tgz",
      "integrity": "sha512-FmzjI6wEoxX27tUg6cNGxDoLNy9o4qbZJiAfSOoayOppVAXarEQ4WAkOCh+Ede6YI1gKxzZSb1VStA381yvXvg=="
    }
  }
}
